{
    "_meta": {
        "hash": {
            "sha256": "817e7be68bbf30fc7e300ed90d002e06585e7340f6c9220cf073203ba27b685f"
        },
        "pipfile-spec": 6,
        "requires": {
            "python_version": "3.11"
        },
        "sources": [
            {
                "name": "pypi",
                "url": "https://pypi.org/simple",
                "verify_ssl": true
            }
        ]
    },
    "default": {
        "asgiref": {
            "hashes": [
                "sha256:89b2ef2247e3b562a16eef663bc0e2e703ec6468e2fa8a5cd61cd449786d4f6e",
                "sha256:9e0ce3aa93a819ba5b45120216b23878cf6e8525eb3848653452b4192b92afed"
            ],
            "markers": "python_version >= '3.7'",
            "version": "==3.7.2"
        },
        "django": {
            "hashes": [
                "sha256:8c8659665bc6e3a44fefe1ab0a291e5a3fb3979f9a8230be29de975e57e8f854",
                "sha256:f47a37a90b9bbe2c8ec360235192c7fddfdc832206fcf618bb849b39256affc1"
            ],
            "index": "pypi",
            "version": "==5.0.1"
        },
        "django-tailwind": {
            "hashes": [
                "sha256:31c2f4a7879d685c2de0feaf0b63f246200b37337bea4d7dbafb59bc3f10c008",
                "sha256:fa969c5b95d314b173fe2b2ed2cb2c03f2e2c94fdc2c01ff73a993fa159085da"
            ],
            "index": "pypi",
            "version": "==3.8.0"
        },
        "python-decouple": {
            "hashes": [
                "sha256:ba6e2657d4f376ecc46f77a3a615e058d93ba5e465c01bbe57289bfb7cce680f",
                "sha256:d0d45340815b25f4de59c974b855bb38d03151d81b037d9e3f463b0c9f8cbd66"
            ],
            "index": "pypi",
            "version": "==3.8"
        },
        "sqlparse": {
            "hashes": [
                "sha256:5430a4fe2ac7d0f93e66f1efc6e1338a41884b7ddf2a350cedd20ccc4d9d28f3",
                "sha256:d446183e84b8349fa3061f0fe7f06ca94ba65b426946ffebe6e3e8295332420c"
            ],
            "markers": "python_version >= '3.5'",
            "version": "==0.4.4"
        },
        "tailwind": {
            "hashes": [
                "sha256:0934b76c6afb45e0601a4acc4ef7d57701249978c53d6ccff4ea0c85263369cf",
                "sha256:6baf950e4487794df56db3c2f749d2d35c91e9ac54cacd82220d91a199b19c40",
                "sha256:96fcb172730926c48c5a6e35d614259b00e35c89805932e0b671239504d13acb",
                "sha256:97974629edd0ce595794fdb40d3318c259e7992d67461949cb5687d1ab9faf48",
                "sha256:f61e4a1dd2d43076af818fa8281f2624a34c3d4d8aed2045538f03cfdfde438a"
            ],
            "index": "pypi",
            "version": "==3.1.5b0"
        }
    },
    "develop": {}
}
